
Microsoft Visual Studio Solution File, Format Version 12.00
# Visual Studio 15
VisualStudioVersion = 15.0.26124.0
MinimumVisualStudioVersion = 15.0.26124.0
Project("{FAE04EC0-301F-11D3-BF4B-00C04F79EFBC}") = "Marmitex.Data", "Marmitex.Data\Marmitex.Data.csproj", "{E5EF4F91-3AEE-42C4-945C-E4B724016256}"
EndProject
Project("{FAE04EC0-301F-11D3-BF4B-00C04F79EFBC}") = "Marmitex.DI", "Marmitex.DI\Marmitex.DI.csproj", "{B26F9207-A431-4830-9678-24E118B3F339}"
EndProject
Project("{FAE04EC0-301F-11D3-BF4B-00C04F79EFBC}") = "Marmitex.Domain", "Marmitex.Domain\Marmitex.Domain.csproj", "{24EDBE93-0F17-4877-9B89-803453DC8AFE}"
EndProject
Project("{FAE04EC0-301F-11D3-BF4B-00C04F79EFBC}") = "Marmitex.Web", "Marmitex.Web\Marmitex.Web.csproj", "{84FB70FC-7619-45CF-8B37-7334FFE19E26}"
EndProject
Global
	GlobalSection(SolutionConfigurationPlatforms) = preSolution
		Debug|Any CPU = Debug|Any CPU
		Debug|x64 = Debug|x64
		Debug|x86 = Debug|x86
		Release|Any CPU = Release|Any CPU
		Release|x64 = Release|x64
		Release|x86 = Release|x86
	EndGlobalSection
	GlobalSection(SolutionProperties) = preSolution
		HideSolutionNode = FALSE
	EndGlobalSection
	GlobalSection(ProjectConfigurationPlatforms) = postSolution
		{E5EF4F91-3AEE-42C4-945C-E4B724016256}.Debug|Any CPU.ActiveCfg = Debug|Any CPU
		{E5EF4F91-3AEE-42C4-945C-E4B724016256}.Debug|Any CPU.Build.0 = Debug|Any CPU
		{E5EF4F91-3AEE-42C4-945C-E4B724016256}.Debug|x64.ActiveCfg = Debug|Any CPU
		{E5EF4F91-3AEE-42C4-945C-E4B724016256}.Debug|x64.Build.0 = Debug|Any CPU
		{E5EF4F91-3AEE-42C4-945C-E4B724016256}.Debug|x86.ActiveCfg = Debug|Any CPU
		{E5EF4F91-3AEE-42C4-945C-E4B724016256}.Debug|x86.Build.0 = Debug|Any CPU
		{E5EF4F91-3AEE-42C4-945C-E4B724016256}.Release|Any CPU.ActiveCfg = Release|Any CPU
		{E5EF4F91-3AEE-42C4-945C-E4B724016256}.Release|Any CPU.Build.0 = Release|Any CPU
		{E5EF4F91-3AEE-42C4-945C-E4B724016256}.Release|x64.ActiveCfg = Release|Any CPU
		{E5EF4F91-3AEE-42C4-945C-E4B724016256}.Release|x64.Build.0 = Release|Any CPU
		{E5EF4F91-3AEE-42C4-945C-E4B724016256}.Release|x86.ActiveCfg = Release|Any CPU
		{E5EF4F91-3AEE-42C4-945C-E4B724016256}.Release|x86.Build.0 = Release|Any CPU
		{B26F9207-A431-4830-9678-24E118B3F339}.Debug|Any CPU.ActiveCfg = Debug|Any CPU
		{B26F9207-A431-4830-9678-24E118B3F339}.Debug|Any CPU.Build.0 = Debug|Any CPU
		{B26F9207-A431-4830-9678-24E118B3F339}.Debug|x64.ActiveCfg = Debug|Any CPU
		{B26F9207-A431-4830-9678-24E118B3F339}.Debug|x64.Build.0 = Debug|Any CPU
		{B26F9207-A431-4830-9678-24E118B3F339}.Debug|x86.ActiveCfg = Debug|Any CPU
		{B26F9207-A431-4830-9678-24E118B3F339}.Debug|x86.Build.0 = Debug|Any CPU
		{B26F9207-A431-4830-9678-24E118B3F339}.Release|Any CPU.ActiveCfg = Release|Any CPU
		{B26F9207-A431-4830-9678-24E118B3F339}.Release|Any CPU.Build.0 = Release|Any CPU
		{B26F9207-A431-4830-9678-24E118B3F339}.Release|x64.ActiveCfg = Release|Any CPU
		{B26F9207-A431-4830-9678-24E118B3F339}.Release|x64.Build.0 = Release|Any CPU
		{B26F9207-A431-4830-9678-24E118B3F339}.Release|x86.ActiveCfg = Release|Any CPU
		{B26F9207-A431-4830-9678-24E118B3F339}.Release|x86.Build.0 = Release|Any CPU
		{24EDBE93-0F17-4877-9B89-803453DC8AFE}.Debug|Any CPU.ActiveCfg = Debug|Any CPU
		{24EDBE93-0F17-4877-9B89-803453DC8AFE}.Debug|Any CPU.Build.0 = Debug|Any CPU
		{24EDBE93-0F17-4877-9B89-803453DC8AFE}.Debug|x64.ActiveCfg = Debug|Any CPU
		{24EDBE93-0F17-4877-9B89-803453DC8AFE}.Debug|x64.Build.0 = Debug|Any CPU
		{24EDBE93-0F17-4877-9B89-803453DC8AFE}.Debug|x86.ActiveCfg = Debug|Any CPU
		{24EDBE93-0F17-4877-9B89-803453DC8AFE}.Debug|x86.Build.0 = Debug|Any CPU
		{24EDBE93-0F17-4877-9B89-803453DC8AFE}.Release|Any CPU.ActiveCfg = Release|Any CPU
		{24EDBE93-0F17-4877-9B89-803453DC8AFE}.Release|Any CPU.Build.0 = Release|Any CPU
		{24EDBE93-0F17-4877-9B89-803453DC8AFE}.Release|x64.ActiveCfg = Release|Any CPU
		{24EDBE93-0F17-4877-9B89-803453DC8AFE}.Release|x64.Build.0 = Release|Any CPU
		{24EDBE93-0F17-4877-9B89-803453DC8AFE}.Release|x86.ActiveCfg = Release|Any CPU
		{24EDBE93-0F17-4877-9B89-803453DC8AFE}.Release|x86.Build.0 = Release|Any CPU
		{84FB70FC-7619-45CF-8B37-7334FFE19E26}.Debug|Any CPU.ActiveCfg = Debug|Any CPU
		{84FB70FC-7619-45CF-8B37-7334FFE19E26}.Debug|Any CPU.Build.0 = Debug|Any CPU
		{84FB70FC-7619-45CF-8B37-7334FFE19E26}.Debug|x64.ActiveCfg = Debug|Any CPU
		{84FB70FC-7619-45CF-8B37-7334FFE19E26}.Debug|x64.Build.0 = Debug|Any CPU
		{84FB70FC-7619-45CF-8B37-7334FFE19E26}.Debug|x86.ActiveCfg = Debug|Any CPU
		{84FB70FC-7619-45CF-8B37-7334FFE19E26}.Debug|x86.Build.0 = Debug|Any CPU
		{84FB70FC-7619-45CF-8B37-7334FFE19E26}.Release|Any CPU.ActiveCfg = Release|Any CPU
		{84FB70FC-7619-45CF-8B37-7334FFE19E26}.Release|Any CPU.Build.0 = Release|Any CPU
		{84FB70FC-7619-45CF-8B37-7334FFE19E26}.Release|x64.ActiveCfg = Release|Any CPU
		{84FB70FC-7619-45CF-8B37-7334FFE19E26}.Release|x64.Build.0 = Release|Any CPU
		{84FB70FC-7619-45CF-8B37-7334FFE19E26}.Release|x86.ActiveCfg = Release|Any CPU
		{84FB70FC-7619-45CF-8B37-7334FFE19E26}.Release|x86.Build.0 = Release|Any CPU
	EndGlobalSection
EndGlobal
